{
  "requires": true,
  "lockfileVersion": 1,
  "dependencies": {
    "react-minimal-pie-chart": {
      "version": "8.3.0",
      "resolved": "https://registry.npmjs.org/react-minimal-pie-chart/-/react-minimal-pie-chart-8.3.0.tgz",
      "integrity": "sha512-ICot74PGPrmGkaie8O+5tRZ5ivukYQ3fRN5ppvw1J01sIa5tHO9cekakyv9nXUkxKifiKn/FQu5uWHfSD39mRQ=="
    }
  }
}
